
Microsoft Visual Studio Solution File, Format Version 12.00
# Visual Studio 15
Project("{FAE04EC0-301F-11D3-BF4B-00C04F79EFBC}") = "TransportSchedule", "TransportSchedule\TransportSchedule.csproj", "{55818DE9-5B70-463D-A7EE-2A3200BD84AB}"
EndProject
Global
	GlobalSection(SolutionConfigurationPlatforms) = preSolution
		Debug|Any CPU = Debug|Any CPU
		Release|Any CPU = Release|Any CPU
	EndGlobalSection
	GlobalSection(ProjectConfigurationPlatforms) = postSolution
		{55818DE9-5B70-463D-A7EE-2A3200BD84AB}.Debug|Any CPU.ActiveCfg = Debug|Any CPU
		{55818DE9-5B70-463D-A7EE-2A3200BD84AB}.Debug|Any CPU.Build.0 = Debug|Any CPU
		{55818DE9-5B70-463D-A7EE-2A3200BD84AB}.Release|Any CPU.ActiveCfg = Release|Any CPU
		{55818DE9-5B70-463D-A7EE-2A3200BD84AB}.Release|Any CPU.Build.0 = Release|Any CPU
	EndGlobalSection
EndGlobal
